Microsoft Visual Studio Solution File, Format Version 12.00
# Visual Studio Version 17
VisualStudioVersion = 17.5.2.0
MinimumVisualStudioVersion = 10.0.40219.1
Project("{FAE04EC0-301F-11D3-BF4B-00C04F79EFBC}") = "ReportServerRPCClient", "ReportServerRPCClient\ReportServerRPCClient.csproj", "{FBEC7CD7-5B9D-42DD-A449-CAAE7E753A58}"
EndProject
Project("{FAE04EC0-301F-11D3-BF4B-00C04F79EFBC}") = "ReportServerPort", "ReportServerPort\ReportServerPort.csproj", "{58EB89E4-3E33-443E-A4DC-969880EC0258}"
EndProject
Project("{FAE04EC0-301F-11D3-BF4B-00C04F79EFBC}") = "RsMcpServer.Web", "RsMcpServer.Web\RsMcpServer.Web.csproj", "{1ECAB3A2-ABAD-41B4-AF14-E87930324658}"
EndProject
Project("{FAE04EC0-301F-11D3-BF4B-00C04F79EFBC}") = "RSChatApp.AppHost", "RSChatApp.AppHost\RSChatApp.AppHost.csproj", "{79AB773D-B79B-445F-8146-DD15C4E11A93}"
EndProject
Project("{FAE04EC0-301F-11D3-BF4B-00C04F79EFBC}") = "RSChatApp.ServiceDefaults", "RSChatApp.ServiceDefaults\RSChatApp.ServiceDefaults.csproj", "{85BA51FD-7163-463B-81BF-37EEB5E4B46B}"
EndProject
Project("{FAE04EC0-301F-11D3-BF4B-00C04F79EFBC}") = "RSChatApp.Web", "RSChatApp.Web\RSChatApp.Web.csproj", "{17FC1298-1220-4104-BA88-C54AE023B851}"
EndProject
Project("{FAE04EC0-301F-11D3-BF4B-00C04F79EFBC}") = "TestRsMcpServer", "TestRsMcpServer\TestRsMcpServer.csproj", "{2FC0E6D5-AC93-44EC-85C2-40254A4CC429}"
EndProject
Project("{FAE04EC0-301F-11D3-BF4B-00C04F79EFBC}") = "RsMcpServer.Identity", "RsMcpServer.Identity\RsMcpServer.Identity.csproj", "{B5F0FCBA-3FA4-48DF-9878-B0E3A8250A7A}"
EndProject
Global
	GlobalSection(SolutionConfigurationPlatforms) = preSolution
		Debug|Any CPU = Debug|Any CPU
		Release|Any CPU = Release|Any CPU
	EndGlobalSection
	GlobalSection(ProjectConfigurationPlatforms) = postSolution
		{FBEC7CD7-5B9D-42DD-A449-CAAE7E753A58}.Debug|Any CPU.ActiveCfg = Debug|Any CPU
		{FBEC7CD7-5B9D-42DD-A449-CAAE7E753A58}.Debug|Any CPU.Build.0 = Debug|Any CPU
		{FBEC7CD7-5B9D-42DD-A449-CAAE7E753A58}.Release|Any CPU.ActiveCfg = Release|Any CPU
		{FBEC7CD7-5B9D-42DD-A449-CAAE7E753A58}.Release|Any CPU.Build.0 = Release|Any CPU
		{58EB89E4-3E33-443E-A4DC-969880EC0258}.Debug|Any CPU.ActiveCfg = Debug|Any CPU
		{58EB89E4-3E33-443E-A4DC-969880EC0258}.Debug|Any CPU.Build.0 = Debug|Any CPU
		{58EB89E4-3E33-443E-A4DC-969880EC0258}.Release|Any CPU.ActiveCfg = Release|Any CPU
		{58EB89E4-3E33-443E-A4DC-969880EC0258}.Release|Any CPU.Build.0 = Release|Any CPU
		{1ECAB3A2-ABAD-41B4-AF14-E87930324658}.Debug|Any CPU.ActiveCfg = Debug|Any CPU
		{1ECAB3A2-ABAD-41B4-AF14-E87930324658}.Debug|Any CPU.Build.0 = Debug|Any CPU
		{1ECAB3A2-ABAD-41B4-AF14-E87930324658}.Release|Any CPU.ActiveCfg = Release|Any CPU
		{1ECAB3A2-ABAD-41B4-AF14-E87930324658}.Release|Any CPU.Build.0 = Release|Any CPU
		{79AB773D-B79B-445F-8146-DD15C4E11A93}.Debug|Any CPU.ActiveCfg = Debug|Any CPU
		{79AB773D-B79B-445F-8146-DD15C4E11A93}.Debug|Any CPU.Build.0 = Debug|Any CPU
		{79AB773D-B79B-445F-8146-DD15C4E11A93}.Release|Any CPU.ActiveCfg = Release|Any CPU
		{79AB773D-B79B-445F-8146-DD15C4E11A93}.Release|Any CPU.Build.0 = Release|Any CPU
		{85BA51FD-7163-463B-81BF-37EEB5E4B46B}.Debug|Any CPU.ActiveCfg = Debug|Any CPU
		{85BA51FD-7163-463B-81BF-37EEB5E4B46B}.Debug|Any CPU.Build.0 = Debug|Any CPU
		{85BA51FD-7163-463B-81BF-37EEB5E4B46B}.Release|Any CPU.ActiveCfg = Release|Any CPU
		{85BA51FD-7163-463B-81BF-37EEB5E4B46B}.Release|Any CPU.Build.0 = Release|Any CPU
		{17FC1298-1220-4104-BA88-C54AE023B851}.Debug|Any CPU.ActiveCfg = Debug|Any CPU
		{17FC1298-1220-4104-BA88-C54AE023B851}.Debug|Any CPU.Build.0 = Debug|Any CPU
		{17FC1298-1220-4104-BA88-C54AE023B851}.Release|Any CPU.ActiveCfg = Release|Any CPU
		{17FC1298-1220-4104-BA88-C54AE023B851}.Release|Any CPU.Build.0 = Release|Any CPU
		{2FC0E6D5-AC93-44EC-85C2-40254A4CC429}.Debug|Any CPU.ActiveCfg = Debug|Any CPU
		{2FC0E6D5-AC93-44EC-85C2-40254A4CC429}.Debug|Any CPU.Build.0 = Debug|Any CPU
		{2FC0E6D5-AC93-44EC-85C2-40254A4CC429}.Release|Any CPU.ActiveCfg = Release|Any CPU
		{2FC0E6D5-AC93-44EC-85C2-40254A4CC429}.Release|Any CPU.Build.0 = Release|Any CPU
		{B5F0FCBA-3FA4-48DF-9878-B0E3A8250A7A}.Debug|Any CPU.ActiveCfg = Debug|Any CPU
		{B5F0FCBA-3FA4-48DF-9878-B0E3A8250A7A}.Debug|Any CPU.Build.0 = Debug|Any CPU
		{B5F0FCBA-3FA4-48DF-9878-B0E3A8250A7A}.Release|Any CPU.ActiveCfg = Release|Any CPU
		{B5F0FCBA-3FA4-48DF-9878-B0E3A8250A7A}.Release|Any CPU.Build.0 = Release|Any CPU
	EndGlobalSection
	GlobalSection(SolutionProperties) = preSolution
		HideSolutionNode = FALSE
	EndGlobalSection
	GlobalSection(ExtensibilityGlobals) = postSolution
		SolutionGuid = {F0F39402-FDDF-45EF-A35D-196B93997E96}
	EndGlobalSection
EndGlobal
